// !$*UTF8*$!
{
	archiveVersion = 1;
	classes = {
	};
	objectVersion = 55;
	objects = {

/* Begin PBXBuildFile section */
		906F5B9227DC7E1D00D98331 /* LoginView.swift in Sources */ = {isa = PBXBuildFile; fileRef = 906F5B9127DC7E1D00D98331 /* LoginView.swift */; };
		906F5B9427DC9D3700D98331 /* SignupView.swift in Sources */ = {isa = PBXBuildFile; fileRef = 906F5B9327DC9D3700D98331 /* SignupView.swift */; };
		906F5B9627DCA22800D98331 /* CustomViews.swift in Sources */ = {isa = PBXBuildFile; fileRef = 906F5B9527DCA22800D98331 /* CustomViews.swift */; };
		906F5B9927DCA2AD00D98331 /* FitnessButton.swift in Sources */ = {isa = PBXBuildFile; fileRef = 906F5B9827DCA2AD00D98331 /* FitnessButton.swift */; };
		906F5B9B27DCA33700D98331 /* FitnessImage.swift in Sources */ = {isa = PBXBuildFile; fileRef = 906F5B9A27DCA33700D98331 /* FitnessImage.swift */; };
		906F5B9D27DCA3C300D98331 /* SegmentButton.swift in Sources */ = {isa = PBXBuildFile; fileRef = 906F5B9C27DCA3C300D98331 /* SegmentButton.swift */; };
		906F5B9F27DCA68D00D98331 /* PasswordField.swift in Sources */ = {isa = PBXBuildFile; fileRef = 906F5B9E27DCA68D00D98331 /* PasswordField.swift */; };
		906F5BA127DCA74C00D98331 /* UsernameField.swift in Sources */ = {isa = PBXBuildFile; fileRef = 906F5BA027DCA74C00D98331 /* UsernameField.swift */; };
		906F5BA327DCA7F400D98331 /* FooterButton.swift in Sources */ = {isa = PBXBuildFile; fileRef = 906F5BA227DCA7F400D98331 /* FooterButton.swift */; };
		90CBD2AB27DB456700AC4F7E /* Fitness_AppApp.swift in Sources */ = {isa = PBXBuildFile; fileRef = 90CBD2AA27DB456700AC4F7E /* Fitness_AppApp.swift */; };
		90CBD2AD27DB456700AC4F7E /* ContentView.swift in Sources */ = {isa = PBXBuildFile; fileRef = 90CBD2AC27DB456700AC4F7E /* ContentView.swift */; };
		90CBD2AF27DB456900AC4F7E /* Assets.xcassets in Resources */ = {isa = PBXBuildFile; fileRef = 90CBD2AE27DB456900AC4F7E /* Assets.xcassets */; };
		90CBD2B227DB456900AC4F7E /* Preview Assets.xcassets in Resources */ = {isa = PBXBuildFile; fileRef = 90CBD2B127DB456900AC4F7E /* Preview Assets.xcassets */; };
		90CBD2B927DB49C000AC4F7E /* LoginMainPage.swift in Sources */ = {isa = PBXBuildFile; fileRef = 90CBD2B827DB49C000AC4F7E /* LoginMainPage.swift */; };
		90CBD2BB27DB4FF300AC4F7E /* Extension.swift in Sources */ = {isa = PBXBuildFile; fileRef = 90CBD2BA27DB4FF300AC4F7E /* Extension.swift */; };
		90FAB84927DCD3940056400A /* FitnessDashboard.swift in Sources */ = {isa = PBXBuildFile; fileRef = 90FAB84827DCD3940056400A /* FitnessDashboard.swift */; };
		90FAB84C27DCD79A0056400A /* FitnessDaily.swift in Sources */ = {isa = PBXBuildFile; fileRef = 90FAB84B27DCD79A0056400A /* FitnessDaily.swift */; };
		90FAB84E27DCD8B70056400A /* FitnessRoundedShape.swift in Sources */ = {isa = PBXBuildFile; fileRef = 90FAB84D27DCD8B70056400A /* FitnessRoundedShape.swift */; };
		90FAB85127DCD9B50056400A /* FitnessBarChart.swift in Sources */ = {isa = PBXBuildFile; fileRef = 90FAB85027DCD9B50056400A /* FitnessBarChart.swift */; };
		90FAB85327DCE5C30056400A /* Constants.swift in Sources */ = {isa = PBXBuildFile; fileRef = 90FAB85227DCE5C30056400A /* Constants.swift */; };
/* End PBXBuildFile section */

/* Begin PBXFileReference section */
		906F5B9127DC7E1D00D98331 /* LoginView.swift */ = {isa = PBXFileReference; lastKnownFileType = sourcecode.swift; path = LoginView.swift; sourceTree = "<group>"; };
		906F5B9327DC9D3700D98331 /* SignupView.swift */ = {isa = PBXFileReference; lastKnownFileType = sourcecode.swift; path = SignupView.swift; sourceTree = "<group>"; };
		906F5B9527DCA22800D98331 /* CustomViews.swift */ = {isa = PBXFileReference; lastKnownFileType = sourcecode.swift; path = CustomViews.swift; sourceTree = "<group>"; };
		906F5B9827DCA2AD00D98331 /* FitnessButton.swift */ = {isa = PBXFileReference; lastKnownFileType = sourcecode.swift; path = FitnessButton.swift; sourceTree = "<group>"; };
		906F5B9A27DCA33700D98331 /* FitnessImage.swift */ = {isa = PBXFileReference; lastKnownFileType = sourcecode.swift; path = FitnessImage.swift; sourceTree = "<group>"; };
		906F5B9C27DCA3C300D98331 /* SegmentButton.swift */ = {isa = PBXFileReference; lastKnownFileType = sourcecode.swift; path = SegmentButton.swift; sourceTree = "<group>"; };
		906F5B9E27DCA68D00D98331 /* PasswordField.swift */ = {isa = PBXFileReference; lastKnownFileType = sourcecode.swift; path = PasswordField.swift; sourceTree = "<group>"; };
		906F5BA027DCA74C00D98331 /* UsernameField.swift */ = {isa = PBXFileReference; lastKnownFileType = sourcecode.swift; path = UsernameField.swift; sourceTree = "<group>"; };
		906F5BA227DCA7F400D98331 /* FooterButton.swift */ = {isa = PBXFileReference; lastKnownFileType = sourcecode.swift; path = FooterButton.swift; sourceTree = "<group>"; };
		90CBD2A727DB456700AC4F7E /* Fitness App.app */ = {isa = PBXFileReference; explicitFileType = wrapper.application; includeInIndex = 0; path = "Fitness App.app"; sourceTree = BUILT_PRODUCTS_DIR; };
		90CBD2AA27DB456700AC4F7E /* Fitness_AppApp.swift */ = {isa = PBXFileReference; lastKnownFileType = sourcecode.swift; path = Fitness_AppApp.swift; sourceTree = "<group>"; };
		90CBD2AC27DB456700AC4F7E /* ContentView.swift */ = {isa = PBXFileReference; lastKnownFileType = sourcecode.swift; path = ContentView.swift; sourceTree = "<group>"; };
		90CBD2AE27DB456900AC4F7E /* Assets.xcassets */ = {isa = PBXFileReference; lastKnownFileType = folder.assetcatalog; path = Assets.xcassets; sourceTree = "<group>"; };
		90CBD2B127DB456900AC4F7E /* Preview Assets.xcassets */ = {isa = PBXFileReference; lastKnownFileType = folder.assetcatalog; path = "Preview Assets.xcassets"; sourceTree = "<group>"; };
		90CBD2B827DB49C000AC4F7E /* LoginMainPage.swift */ = {isa = PBXFileReference; lastKnownFileType = sourcecode.swift; path = LoginMainPage.swift; sourceTree = "<group>"; };
		90CBD2BA27DB4FF300AC4F7E /* Extension.swift */ = {isa = PBXFileReference; lastKnownFileType = sourcecode.swift; path = Extension.swift; sourceTree = "<group>"; };
		90FAB84827DCD3940056400A /* FitnessDashboard.swift */ = {isa = PBXFileReference; lastKnownFileType = sourcecode.swift; path = FitnessDashboard.swift; sourceTree = "<group>"; };
		90FAB84B27DCD79A0056400A /* FitnessDaily.swift */ = {isa = PBXFileReference; lastKnownFileType = sourcecode.swift; path = FitnessDaily.swift; sourceTree = "<group>"; };
		90FAB84D27DCD8B70056400A /* FitnessRoundedShape.swift */ = {isa = PBXFileReference; lastKnownFileType = sourcecode.swift; path = FitnessRoundedShape.swift; sourceTree = "<group>"; };
		90FAB85027DCD9B50056400A /* FitnessBarChart.swift */ = {isa = PBXFileReference; lastKnownFileType = sourcecode.swift; path = FitnessBarChart.swift; sourceTree = "<group>"; };
		90FAB85227DCE5C30056400A /* Constants.swift */ = {isa = PBXFileReference; lastKnownFileType = sourcecode.swift; path = Constants.swift; sourceTree = "<group>"; };
/* End PBXFileReference section */

/* Begin PBXFrameworksBuildPhase section */
		90CBD2A427DB456700AC4F7E /* Frameworks */ = {
			isa = PBXFrameworksBuildPhase;
			buildActionMask = 2147483647;
			files = (
			);
			runOnlyForDeploymentPostprocessing = 0;
		};
/* End PBXFrameworksBuildPhase section */

/* Begin PBXGroup section */
		906F5B9727DCA27200D98331 /* Views */ = {
			isa = PBXGroup;
			children = (
				90FAB84F27DCD9A00056400A /* Chart */,
				906F5B9527DCA22800D98331 /* CustomViews.swift */,
				906F5B9827DCA2AD00D98331 /* FitnessButton.swift */,
				906F5B9A27DCA33700D98331 /* FitnessImage.swift */,
				906F5B9C27DCA3C300D98331 /* SegmentButton.swift */,
				906F5B9E27DCA68D00D98331 /* PasswordField.swift */,
				906F5BA027DCA74C00D98331 /* UsernameField.swift */,
				906F5BA227DCA7F400D98331 /* FooterButton.swift */,
			);
			path = Views;
			sourceTree = "<group>";
		};
		90CBD29E27DB456700AC4F7E = {
			isa = PBXGroup;
			children = (
				90FAB84A27DCD7880056400A /* Model */,
				90CBD2AA27DB456700AC4F7E /* Fitness_AppApp.swift */,
				90CBD2A927DB456700AC4F7E /* Fitness App */,
				90CBD2A827DB456700AC4F7E /* Products */,
			);
			sourceTree = "<group>";
		};
		90CBD2A827DB456700AC4F7E /* Products */ = {
			isa = PBXGroup;
			children = (
				90CBD2A727DB456700AC4F7E /* Fitness App.app */,
			);
			name = Products;
			sourceTree = "<group>";
		};
		90CBD2A927DB456700AC4F7E /* Fitness App */ = {
			isa = PBXGroup;
			children = (
				90CBD2AC27DB456700AC4F7E /* ContentView.swift */,
				90CBD2B827DB49C000AC4F7E /* LoginMainPage.swift */,
				906F5B9127DC7E1D00D98331 /* LoginView.swift */,
				906F5B9327DC9D3700D98331 /* SignupView.swift */,
				90FAB84827DCD3940056400A /* FitnessDashboard.swift */,
				906F5B9727DCA27200D98331 /* Views */,
				90CBD2AE27DB456900AC4F7E /* Assets.xcassets */,
				90CBD2BA27DB4FF300AC4F7E /* Extension.swift */,
				90CBD2B027DB456900AC4F7E /* Preview Content */,
			);
			path = "Fitness App";
			sourceTree = "<group>";
		};
		90CBD2B027DB456900AC4F7E /* Preview Content */ = {
			isa = PBXGroup;
			children = (
				90CBD2B127DB456900AC4F7E /* Preview Assets.xcassets */,
			);
			path = "Preview Content";
			sourceTree = "<group>";
		};
		90FAB84A27DCD7880056400A /* Model */ = {
			isa = PBXGroup;
			children = (
				90FAB84B27DCD79A0056400A /* FitnessDaily.swift */,
				90FAB85227DCE5C30056400A /* Constants.swift */,
			);
			path = Model;
			sourceTree = "<group>";
		};
		90FAB84F27DCD9A00056400A /* Chart */ = {
			isa = PBXGroup;
			children = (
				90FAB84D27DCD8B70056400A /* FitnessRoundedShape.swift */,
				90FAB85027DCD9B50056400A /* FitnessBarChart.swift */,
			);
			path = Chart;
			sourceTree = "<group>";
		};
/* End PBXGroup section */

/* Begin PBXNativeTarget section */
		90CBD2A627DB456700AC4F7E /* Fitness App */ = {
			isa = PBXNativeTarget;
			buildConfigurationList = 90CBD2B527DB456900AC4F7E /* Build configuration list for PBXNativeTarget "Fitness App" */;
			buildPhases = (
				90CBD2A327DB456700AC4F7E /* Sources */,
				90CBD2A427DB456700AC4F7E /* Frameworks */,
				90CBD2A527DB456700AC4F7E /* Resources */,
			);
			buildRules = (
			);
			dependencies = (
			);
			name = "Fitness App";
			productName = "Fitness App";
			productReference = 90CBD2A727DB456700AC4F7E /* Fitness App.app */;
			productType = "com.apple.product-type.application";
		};
/* End PBXNativeTarget section */

/* Begin PBXProject section */
		90CBD29F27DB456700AC4F7E /* Project object */ = {
			isa = PBXProject;
			attributes = {
				BuildIndependentTargetsInParallel = 1;
				LastSwiftUpdateCheck = 1300;
				LastUpgradeCheck = 1300;
				TargetAttributes = {
					90CBD2A627DB456700AC4F7E = {
						CreatedOnToolsVersion = 13.0;
					};
				};
			};
			buildConfigurationList = 90CBD2A227DB456700AC4F7E /* Build configuration list for PBXProject "Fitness App" */;
			compatibilityVersion = "Xcode 13.0";
			developmentRegion = en;
			hasScannedForEncodings = 0;
			knownRegions = (
				en,
				Base,
			);
			mainGroup = 90CBD29E27DB456700AC4F7E;
			productRefGroup = 90CBD2A827DB456700AC4F7E /* Products */;
			projectDirPath = "";
			projectRoot = "";
			targets = (
				90CBD2A627DB456700AC4F7E /* Fitness App */,
			);
		};
/* End PBXProject section */

/* Begin PBXResourcesBuildPhase section */
		90CBD2A527DB456700AC4F7E /* Resources */ = {
			isa = PBXResourcesBuildPhase;
			buildActionMask = 2147483647;
			files = (
				90CBD2B227DB456900AC4F7E /* Preview Assets.xcassets in Resources */,
				90CBD2AF27DB456900AC4F7E /* Assets.xcassets in Resources */,
			);
			runOnlyForDeploymentPostprocessing = 0;
		};
/* End PBXResourcesBuildPhase section */

/* Begin PBXSourcesBuildPhase section */
		90CBD2A327DB456700AC4F7E /* Sources */ = {
			isa = PBXSourcesBuildPhase;
			buildActionMask = 2147483647;
			files = (
				906F5BA327DCA7F400D98331 /* FooterButton.swift in Sources */,
				90FAB84927DCD3940056400A /* FitnessDashboard.swift in Sources */,
				90FAB84E27DCD8B70056400A /* FitnessRoundedShape.swift in Sources */,
				906F5B9B27DCA33700D98331 /* FitnessImage.swift in Sources */,
				906F5B9427DC9D3700D98331 /* SignupView.swift in Sources */,
				90FAB84C27DCD79A0056400A /* FitnessDaily.swift in Sources */,
				906F5BA127DCA74C00D98331 /* UsernameField.swift in Sources */,
				90CBD2AD27DB456700AC4F7E /* ContentView.swift in Sources */,
				906F5B9627DCA22800D98331 /* CustomViews.swift in Sources */,
				90CBD2AB27DB456700AC4F7E /* Fitness_AppApp.swift in Sources */,
				90CBD2B927DB49C000AC4F7E /* LoginMainPage.swift in Sources */,
				906F5B9F27DCA68D00D98331 /* PasswordField.swift in Sources */,
				90FAB85127DCD9B50056400A /* FitnessBarChart.swift in Sources */,
				906F5B9227DC7E1D00D98331 /* LoginView.swift in Sources */,
				906F5B9927DCA2AD00D98331 /* FitnessButton.swift in Sources */,
				90CBD2BB27DB4FF300AC4F7E /* Extension.swift in Sources */,
				906F5B9D27DCA3C300D98331 /* SegmentButton.swift in Sources */,
				90FAB85327DCE5C30056400A /* Constants.swift in Sources */,
			);
			runOnlyForDeploymentPostprocessing = 0;
		};
/* End PBXSourcesBuildPhase section */

/* Begin XCBuildConfiguration section */
		90CBD2B327DB456900AC4F7E /* Debug */ = {
			isa = XCBuildConfiguration;
			buildSettings = {
				ALWAYS_SEARCH_USER_PATHS = NO;
				CLANG_ANALYZER_NONNULL = YES;
				CLANG_ANALYZER_NUMBER_OBJECT_CONVERSION = YES_AGGRESSIVE;
				CLANG_CXX_LANGUAGE_STANDARD = "gnu++17";
				CLANG_CXX_LIBRARY = "libc++";
				CLANG_ENABLE_MODULES = YES;
				CLANG_ENABLE_OBJC_ARC = YES;
				CLANG_ENABLE_OBJC_WEAK = YES;
				CLANG_WARN_BLOCK_CAPTURE_AUTORELEASING = YES;
				CLANG_WARN_BOOL_CONVERSION = YES;
				CLANG_WARN_COMMA = YES;
				CLANG_WARN_CONSTANT_CONVERSION = YES;
				CLANG_WARN_DEPRECATED_OBJC_IMPLEMENTATIONS = YES;
				CLANG_WARN_DIRECT_OBJC_ISA_USAGE = YES_ERROR;
				CLANG_WARN_DOCUMENTATION_COMMENTS = YES;
				CLANG_WARN_EMPTY_BODY = YES;
				CLANG_WARN_ENUM_CONVERSION = YES;
				CLANG_WARN_INFINITE_RECURSION = YES;
				CLANG_WARN_INT_CONVERSION = YES;
				CLANG_WARN_NON_LITERAL_NULL_CONVERSION = YES;
				CLANG_WARN_OBJC_IMPLICIT_RETAIN_SELF = YES;
				CLANG_WARN_OBJC_LITERAL_CONVERSION = YES;
				CLANG_WARN_OBJC_ROOT_CLASS = YES_ERROR;
				CLANG_WARN_QUOTED_INCLUDE_IN_FRAMEWORK_HEADER = YES;
				CLANG_WARN_RANGE_LOOP_ANALYSIS = YES;
				CLANG_WARN_STRICT_PROTOTYPES = YES;
				CLANG_WARN_SUSPICIOUS_MOVE = YES;
				CLANG_WARN_UNGUARDED_AVAILABILITY = YES_AGGRESSIVE;
				CLANG_WARN_UNREACHABLE_CODE = YES;
				CLANG_WARN__DUPLICATE_METHOD_MATCH = YES;
				COPY_PHASE_STRIP = NO;
				DEBUG_INFORMATION_FORMAT = dwarf;
				ENABLE_STRICT_OBJC_MSGSEND = YES;
				ENABLE_TESTABILITY = YES;
				GCC_C_LANGUAGE_STANDARD = gnu11;
				GCC_DYNAMIC_NO_PIC = NO;
				GCC_NO_COMMON_BLOCKS = YES;
				GCC_OPTIMIZATION_LEVEL = 0;
				GCC_PREPROCESSOR_DEFINITIONS = (
					"DEBUG=1",
					"$(inherited)",
				);
				GCC_WARN_64_TO_32_BIT_CONVERSION = YES;
				GCC_WARN_ABOUT_RETURN_TYPE = YES_ERROR;
				GCC_WARN_UNDECLARED_SELECTOR = YES;
				GCC_WARN_UNINITIALIZED_AUTOS = YES_AGGRESSIVE;
				GCC_WARN_UNUSED_FUNCTION = YES;
				GCC_WARN_UNUSED_VARIABLE = YES;
				IPHONEOS_DEPLOYMENT_TARGET = 15.0;
				MTL_ENABLE_DEBUG_INFO = INCLUDE_SOURCE;
				MTL_FAST_MATH = YES;
				ONLY_ACTIVE_ARCH = YES;
				SDKROOT = iphoneos;
				SWIFT_ACTIVE_COMPILATION_CONDITIONS = DEBUG;
				SWIFT_OPTIMIZATION_LEVEL = "-Onone";
			};
			name = Debug;
		};
		90CBD2B427DB456900AC4F7E /* Release */ = {
			isa = XCBuildConfiguration;
			buildSettings = {
				ALWAYS_SEARCH_USER_PATHS = NO;
				CLANG_ANALYZER_NONNULL = YES;
				CLANG_ANALYZER_NUMBER_OBJECT_CONVERSION = YES_AGGRESSIVE;
				CLANG_CXX_LANGUAGE_STANDARD = "gnu++17";
				CLANG_CXX_LIBRARY = "libc++";
				CLANG_ENABLE_MODULES = YES;
				CLANG_ENABLE_OBJC_ARC = YES;
				CLANG_ENABLE_OBJC_WEAK = YES;
				CLANG_WARN_BLOCK_CAPTURE_AUTORELEASING = YES;
				CLANG_WARN_BOOL_CONVERSION = YES;
				CLANG_WARN_COMMA = YES;
				CLANG_WARN_CONSTANT_CONVERSION = YES;
				CLANG_WARN_DEPRECATED_OBJC_IMPLEMENTATIONS = YES;
				CLANG_WARN_DIRECT_OBJC_ISA_USAGE = YES_ERROR;
				CLANG_WARN_DOCUMENTATION_COMMENTS = YES;
				CLANG_WARN_EMPTY_BODY = YES;
				CLANG_WARN_ENUM_CONVERSION = YES;
				CLANG_WARN_INFINITE_RECURSION = YES;
				CLANG_WARN_INT_CONVERSION = YES;
				CLANG_WARN_NON_LITERAL_NULL_CONVERSION = YES;
				CLANG_WARN_OBJC_IMPLICIT_RETAIN_SELF = YES;
				CLANG_WARN_OBJC_LITERAL_CONVERSION = YES;
				CLANG_WARN_OBJC_ROOT_CLASS = YES_ERROR;
				CLANG_WARN_QUOTED_INCLUDE_IN_FRAMEWORK_HEADER = YES;
				CLANG_WARN_RANGE_LOOP_ANALYSIS = YES;
				CLANG_WARN_STRICT_PROTOTYPES = YES;
				CLANG_WARN_SUSPICIOUS_MOVE = YES;
				CLANG_WARN_UNGUARDED_AVAILABILITY = YES_AGGRESSIVE;
				CLANG_WARN_UNREACHABLE_CODE = YES;
				CLANG_WARN__DUPLICATE_METHOD_MATCH = YES;
				COPY_PHASE_STRIP = NO;
				DEBUG_INFORMATION_FORMAT = "dwarf-with-dsym";
				ENABLE_NS_ASSERTIONS = NO;
				ENABLE_STRICT_OBJC_MSGSEND = YES;
				GCC_C_LANGUAGE_STANDARD = gnu11;
				GCC_NO_COMMON_BLOCKS = YES;
				GCC_WARN_64_TO_32_BIT_CONVERSION = YES;
				GCC_WARN_ABOUT_RETURN_TYPE = YES_ERROR;
				GCC_WARN_UNDECLARED_SELECTOR = YES;
				GCC_WARN_UNINITIALIZED_AUTOS = YES_AGGRESSIVE;
				GCC_WARN_UNUSED_FUNCTION = YES;
				GCC_WARN_UNUSED_VARIABLE = YES;
				IPHONEOS_DEPLOYMENT_TARGET = 15.0;
				MTL_ENABLE_DEBUG_INFO = NO;
				MTL_FAST_MATH = YES;
				SDKROOT = iphoneos;
				SWIFT_COMPILATION_MODE = wholemodule;
				SWIFT_OPTIMIZATION_LEVEL = "-O";
				VALIDATE_PRODUCT = YES;
			};
			name = Release;
		};
		90CBD2B627DB456900AC4F7E /* Debug */ = {
			isa = XCBuildConfiguration;
			buildSettings = {
				ASSETCATALOG_COMPILER_APPICON_NAME = AppIcon;
				ASSETCATALOG_COMPILER_GLOBAL_ACCENT_COLOR_NAME = AccentColor;
				CODE_SIGN_STYLE = Automatic;
				CURRENT_PROJECT_VERSION = 1;
				DEVELOPMENT_ASSET_PATHS = "\"Fitness App/Preview Content\"";
				DEVELOPMENT_TEAM = 8R29TH66V6;
				ENABLE_PREVIEWS = YES;
				GENERATE_INFOPLIST_FILE = YES;
				INFOPLIST_KEY_UIApplicationSceneManifest_Generation = YES;
				INFOPLIST_KEY_UIApplicationSupportsIndirectInputEvents = YES;
				INFOPLIST_KEY_UILaunchScreen_Generation = YES;
				INFOPLIST_KEY_UISupportedInterfaceOrientations_iPad = "UIInterfaceOrientationPortrait UIInterfaceOrientationPortraitUpsideDown UIInterfaceOrientationLandscapeLeft UIInterfaceOrientationLandscapeRight";
				INFOPLIST_KEY_UISupportedInterfaceOrientations_iPhone = "UIInterfaceOrientationPortrait UIInterfaceOrientationLandscapeLeft UIInterfaceOrientationLandscapeRight";
				IPHONEOS_DEPLOYMENT_TARGET = 15.0;
				LD_RUNPATH_SEARCH_PATHS = (
					"$(inherited)",
					"@executable_path/Frameworks",
				);
				MARKETING_VERSION = 1.0;
				PRODUCT_BUNDLE_IDENTIFIER = "khawlah.Fitness-App";
				PRODUCT_NAME = "$(TARGET_NAME)";
				SWIFT_EMIT_LOC_STRINGS = YES;
				SWIFT_VERSION = 5.0;
				TARGETED_DEVICE_FAMILY = "1,2";
			};
			name = Debug;
		};
		90CBD2B727DB456900AC4F7E /* Release */ = {
			isa = XCBuildConfiguration;
			buildSettings = {
				ASSETCATALOG_COMPILER_APPICON_NAME = AppIcon;
				ASSETCATALOG_COMPILER_GLOBAL_ACCENT_COLOR_NAME = AccentColor;
				CODE_SIGN_STYLE = Automatic;
				CURRENT_PROJECT_VERSION = 1;
				DEVELOPMENT_ASSET_PATHS = "\"Fitness App/Preview Content\"";
				DEVELOPMENT_TEAM = 8R29TH66V6;
				ENABLE_PREVIEWS = YES;
				GENERATE_INFOPLIST_FILE = YES;
				INFOPLIST_KEY_UIApplicationSceneManifest_Generation = YES;
				INFOPLIST_KEY_UIApplicationSupportsIndirectInputEvents = YES;
				INFOPLIST_KEY_UILaunchScreen_Generation = YES;
				INFOPLIST_KEY_UISupportedInterfaceOrientations_iPad = "UIInterfaceOrientationPortrait UIInterfaceOrientationPortraitUpsideDown UIInterfaceOrientationLandscapeLeft UIInterfaceOrientationLandscapeRight";
				INFOPLIST_KEY_UISupportedInterfaceOrientations_iPhone = "UIInterfaceOrientationPortrait UIInterfaceOrientationLandscapeLeft UIInterfaceOrientationLandscapeRight";
				IPHONEOS_DEPLOYMENT_TARGET = 15.0;
				LD_RUNPATH_SEARCH_PATHS = (
					"$(inherited)",
					"@executable_path/Frameworks",
				);
				MARKETING_VERSION = 1.0;
				PRODUCT_BUNDLE_IDENTIFIER = "khawlah.Fitness-App";
				PRODUCT_NAME = "$(TARGET_NAME)";
				SWIFT_EMIT_LOC_STRINGS = YES;
				SWIFT_VERSION = 5.0;
				TARGETED_DEVICE_FAMILY = "1,2";
			};
			name = Release;
		};
/* End XCBuildConfiguration section */

/* Begin XCConfigurationList section */
		90CBD2A227DB456700AC4F7E /* Build configuration list for PBXProject "Fitness App" */ = {
			isa = XCConfigurationList;
			buildConfigurations = (
				90CBD2B327DB456900AC4F7E /* Debug */,
				90CBD2B427DB456900AC4F7E /* Release */,
			);
			defaultConfigurationIsVisible = 0;
			defaultConfigurationName = Release;
		};
		90CBD2B527DB456900AC4F7E /* Build configuration list for PBXNativeTarget "Fitness App" */ = {
			isa = XCConfigurationList;
			buildConfigurations = (
				90CBD2B627DB456900AC4F7E /* Debug */,
				90CBD2B727DB456900AC4F7E /* Release */,
			);
			defaultConfigurationIsVisible = 0;
			defaultConfigurationName = Release;
		};
/* End XCConfigurationList section */
	};
	rootObject = 90CBD29F27DB456700AC4F7E /* Project object */;
}
